
Microsoft Visual Studio Solution File, Format Version 12.00
# Visual Studio Version 17
VisualStudioVersion = 17.14.36717.8 d17.14
MinimumVisualStudioVersion = 10.0.40219.1
Project("{FAE04EC0-301F-11D3-BF4B-00C04F79EFBC}") = "AuthenticationApp", "AuthenticationApp\AuthenticationApp.csproj", "{87850B92-2C3F-4E07-8822-7B6922027CA2}"
EndProject
Global
	GlobalSection(SolutionConfigurationPlatforms) = preSolution
		Debug|Any CPU = Debug|Any CPU
		Release|Any CPU = Release|Any CPU
	EndGlobalSection
	GlobalSection(ProjectConfigurationPlatforms) = postSolution
		{87850B92-2C3F-4E07-8822-7B6922027CA2}.Debug|Any CPU.ActiveCfg = Debug|Any CPU
		{87850B92-2C3F-4E07-8822-7B6922027CA2}.Debug|Any CPU.Build.0 = Debug|Any CPU
		{87850B92-2C3F-4E07-8822-7B6922027CA2}.Release|Any CPU.ActiveCfg = Release|Any CPU
		{87850B92-2C3F-4E07-8822-7B6922027CA2}.Release|Any CPU.Build.0 = Release|Any CPU
	EndGlobalSection
	GlobalSection(SolutionProperties) = preSolution
		HideSolutionNode = FALSE
	EndGlobalSection
	GlobalSection(ExtensibilityGlobals) = postSolution
		SolutionGuid = {EBFDEDAF-4095-4A71-A624-EE5EB232CC1D}
	EndGlobalSection
EndGlobal
